
Microsoft Visual Studio Solution File, Format Version 12.00
# Visual Studio Version 17
VisualStudioVersion = 17.4.33122.133
MinimumVisualStudioVersion = 10.0.40219.1
Project("{FAE04EC0-301F-11D3-BF4B-00C04F79EFBC}") = "ImplimentingLinkedLists", "ImplimentingLinkedLists\ImplimentingLinkedLists.csproj", "{957919B6-CEBC-4AB3-B61F-AFEEBDB110EC}"
EndProject
Global
	GlobalSection(SolutionConfigurationPlatforms) = preSolution
		Debug|Any CPU = Debug|Any CPU
		Release|Any CPU = Release|Any CPU
	EndGlobalSection
	GlobalSection(ProjectConfigurationPlatforms) = postSolution
		{957919B6-CEBC-4AB3-B61F-AFEEBDB110EC}.Debug|Any CPU.ActiveCfg = Debug|Any CPU
		{957919B6-CEBC-4AB3-B61F-AFEEBDB110EC}.Debug|Any CPU.Build.0 = Debug|Any CPU
		{957919B6-CEBC-4AB3-B61F-AFEEBDB110EC}.Release|Any CPU.ActiveCfg = Release|Any CPU
		{957919B6-CEBC-4AB3-B61F-AFEEBDB110EC}.Release|Any CPU.Build.0 = Release|Any CPU
	EndGlobalSection
	GlobalSection(SolutionProperties) = preSolution
		HideSolutionNode = FALSE
	EndGlobalSection
	GlobalSection(ExtensibilityGlobals) = postSolution
		SolutionGuid = {48945AC4-579F-4589-AD11-C6EB2F8EA5A4}
	EndGlobalSection
EndGlobal
